// !$*UTF8*$!
{
	archiveVersion = 1;
	classes = {
	};
	objectVersion = 51;
	objects = {

/* Begin PBXBuildFile section */
		633E03EF276F74A700254D45 /* SearchController.swift in Sources */ = {isa = PBXBuildFile; fileRef = 633E03EE276F74A700254D45 /* SearchController.swift */; };
		633E03F1276F758F00254D45 /* SearchService.swift in Sources */ = {isa = PBXBuildFile; fileRef = 633E03F0276F758F00254D45 /* SearchService.swift */; };
		633E03F3276F760C00254D45 /* Location.swift in Sources */ = {isa = PBXBuildFile; fileRef = 633E03F2276F760C00254D45 /* Location.swift */; };
		633E03F5276F7DD100254D45 /* DummyData.swift in Sources */ = {isa = PBXBuildFile; fileRef = 633E03F4276F7DD100254D45 /* DummyData.swift */; };
		634517F62772DE8A00F330FC /* MichiEkiTests.swift in Sources */ = {isa = PBXBuildFile; fileRef = 634517F52772DE8A00F330FC /* MichiEkiTests.swift */; };
		634517FE2772E38A00F330FC /* CLLocationManager+Rx.swift in Sources */ = {isa = PBXBuildFile; fileRef = 634517FD2772E38A00F330FC /* CLLocationManager+Rx.swift */; };
		634518082772EF7800F330FC /* MapViewModel.swift in Sources */ = {isa = PBXBuildFile; fileRef = 634518072772EF7800F330FC /* MapViewModel.swift */; };
		63F60104276F53A90050D125 /* AppDelegate.swift in Sources */ = {isa = PBXBuildFile; fileRef = 63F60103276F53A90050D125 /* AppDelegate.swift */; };
		63F60106276F53A90050D125 /* SceneDelegate.swift in Sources */ = {isa = PBXBuildFile; fileRef = 63F60105276F53A90050D125 /* SceneDelegate.swift */; };
		63F60108276F53A90050D125 /* ViewController.swift in Sources */ = {isa = PBXBuildFile; fileRef = 63F60107276F53A90050D125 /* ViewController.swift */; };
		63F6010B276F53A90050D125 /* Main.storyboard in Resources */ = {isa = PBXBuildFile; fileRef = 63F60109276F53A90050D125 /* Main.storyboard */; };
		63F6010D276F53AC0050D125 /* Assets.xcassets in Resources */ = {isa = PBXBuildFile; fileRef = 63F6010C276F53AC0050D125 /* Assets.xcassets */; };
		63F60110276F53AC0050D125 /* LaunchScreen.storyboard in Resources */ = {isa = PBXBuildFile; fileRef = 63F6010E276F53AC0050D125 /* LaunchScreen.storyboard */; };
		63F60118276F57D00050D125 /* ApiController.swift in Sources */ = {isa = PBXBuildFile; fileRef = 63F60117276F57D00050D125 /* ApiController.swift */; };
		63F6011A276F59A60050D125 /* Eki.swift in Sources */ = {isa = PBXBuildFile; fileRef = 63F60119276F59A60050D125 /* Eki.swift */; };
		76C003ED72EB2C541AA25A03 /* Pods_MichiEki.framework in Frameworks */ = {isa = PBXBuildFile; fileRef = C4EC5413FE46DEB327FC34BA /* Pods_MichiEki.framework */; };
		C76A5A8BD5DD4B0B91EC623C /* libPods-MichiEkiTests.a in Frameworks */ = {isa = PBXBuildFile; fileRef = 329A8E8EF74DFCB4986F9314 /* libPods-MichiEkiTests.a */; };
/* End PBXBuildFile section */

/* Begin PBXContainerItemProxy section */
		634517F82772DE8A00F330FC /* PBXContainerItemProxy */ = {
			isa = PBXContainerItemProxy;
			containerPortal = 63F600F8276F53A90050D125 /* Project object */;
			proxyType = 1;
			remoteGlobalIDString = 63F600FF276F53A90050D125;
			remoteInfo = MichiEki;
		};
/* End PBXContainerItemProxy section */

/* Begin PBXFileReference section */
		1BDEF5DEEBC59D70B2A69112 /* Pods-MichiEkiTests.debug.xcconfig */ = {isa = PBXFileReference; includeInIndex = 1; lastKnownFileType = text.xcconfig; name = "Pods-MichiEkiTests.debug.xcconfig"; path = "Target Support Files/Pods-MichiEkiTests/Pods-MichiEkiTests.debug.xcconfig"; sourceTree = "<group>"; };
		329A8E8EF74DFCB4986F9314 /* libPods-MichiEkiTests.a */ = {isa = PBXFileReference; explicitFileType = archive.ar; includeInIndex = 0; path = "libPods-MichiEkiTests.a"; sourceTree = BUILT_PRODUCTS_DIR; };
		340BCA57A35B48EAD3313DBC /* Pods-MichiEki.debug.xcconfig */ = {isa = PBXFileReference; includeInIndex = 1; lastKnownFileType = text.xcconfig; name = "Pods-MichiEki.debug.xcconfig"; path = "Target Support Files/Pods-MichiEki/Pods-MichiEki.debug.xcconfig"; sourceTree = "<group>"; };
		51F55E010DE5CBF63C7E4C28 /* Pods-MichiEki.release.xcconfig */ = {isa = PBXFileReference; includeInIndex = 1; lastKnownFileType = text.xcconfig; name = "Pods-MichiEki.release.xcconfig"; path = "Target Support Files/Pods-MichiEki/Pods-MichiEki.release.xcconfig"; sourceTree = "<group>"; };
		633E03EE276F74A700254D45 /* SearchController.swift */ = {isa = PBXFileReference; lastKnownFileType = sourcecode.swift; path = SearchController.swift; sourceTree = "<group>"; };
		633E03F0276F758F00254D45 /* SearchService.swift */ = {isa = PBXFileReference; lastKnownFileType = sourcecode.swift; path = SearchService.swift; sourceTree = "<group>"; };
		633E03F2276F760C00254D45 /* Location.swift */ = {isa = PBXFileReference; lastKnownFileType = sourcecode.swift; path = Location.swift; sourceTree = "<group>"; };
		633E03F4276F7DD100254D45 /* DummyData.swift */ = {isa = PBXFileReference; lastKnownFileType = sourcecode.swift; path = DummyData.swift; sourceTree = "<group>"; };
		634517F32772DE8A00F330FC /* MichiEkiTests.xctest */ = {isa = PBXFileReference; explicitFileType = wrapper.cfbundle; includeInIndex = 0; path = MichiEkiTests.xctest; sourceTree = BUILT_PRODUCTS_DIR; };
		634517F52772DE8A00F330FC /* MichiEkiTests.swift */ = {isa = PBXFileReference; lastKnownFileType = sourcecode.swift; path = MichiEkiTests.swift; sourceTree = "<group>"; };
		634517F72772DE8A00F330FC /* Info.plist */ = {isa = PBXFileReference; lastKnownFileType = text.plist.xml; path = Info.plist; sourceTree = "<group>"; };
		634517FD2772E38A00F330FC /* CLLocationManager+Rx.swift */ = {isa = PBXFileReference; lastKnownFileType = sourcecode.swift; path = "CLLocationManager+Rx.swift"; sourceTree = "<group>"; };
		634518072772EF7800F330FC /* MapViewModel.swift */ = {isa = PBXFileReference; lastKnownFileType = sourcecode.swift; path = MapViewModel.swift; sourceTree = "<group>"; };
		63F60100276F53A90050D125 /* MichiEki.app */ = {isa = PBXFileReference; explicitFileType = wrapper.application; includeInIndex = 0; path = MichiEki.app; sourceTree = BUILT_PRODUCTS_DIR; };
		63F60103276F53A90050D125 /* AppDelegate.swift */ = {isa = PBXFileReference; lastKnownFileType = sourcecode.swift; path = AppDelegate.swift; sourceTree = "<group>"; };
		63F60105276F53A90050D125 /* SceneDelegate.swift */ = {isa = PBXFileReference; lastKnownFileType = sourcecode.swift; path = SceneDelegate.swift; sourceTree = "<group>"; };
		63F60107276F53A90050D125 /* ViewController.swift */ = {isa = PBXFileReference; lastKnownFileType = sourcecode.swift; path = ViewController.swift; sourceTree = "<group>"; };
		63F6010A276F53A90050D125 /* Base */ = {isa = PBXFileReference; lastKnownFileType = file.storyboard; name = Base; path = Base.lproj/Main.storyboard; sourceTree = "<group>"; };
		63F6010C276F53AC0050D125 /* Assets.xcassets */ = {isa = PBXFileReference; lastKnownFileType = folder.assetcatalog; path = Assets.xcassets; sourceTree = "<group>"; };
		63F6010F276F53AC0050D125 /* Base */ = {isa = PBXFileReference; lastKnownFileType = file.storyboard; name = Base; path = Base.lproj/LaunchScreen.storyboard; sourceTree = "<group>"; };
		63F60111276F53AC0050D125 /* Info.plist */ = {isa = PBXFileReference; lastKnownFileType = text.plist.xml; path = Info.plist; sourceTree = "<group>"; };
		63F60117276F57D00050D125 /* ApiController.swift */ = {isa = PBXFileReference; lastKnownFileType = sourcecode.swift; path = ApiController.swift; sourceTree = "<group>"; };
		63F60119276F59A60050D125 /* Eki.swift */ = {isa = PBXFileReference; lastKnownFileType = sourcecode.swift; path = Eki.swift; sourceTree = "<group>"; };
		B3DA1A92AE610F533064C89E /* Pods-MichiEkiTests.release.xcconfig */ = {isa = PBXFileReference; includeInIndex = 1; lastKnownFileType = text.xcconfig; name = "Pods-MichiEkiTests.release.xcconfig"; path = "Target Support Files/Pods-MichiEkiTests/Pods-MichiEkiTests.release.xcconfig"; sourceTree = "<group>"; };
		C4EC5413FE46DEB327FC34BA /* Pods_MichiEki.framework */ = {isa = PBXFileReference; explicitFileType = wrapper.framework; includeInIndex = 0; path = Pods_MichiEki.framework; sourceTree = BUILT_PRODUCTS_DIR; };
/* End PBXFileReference section */

/* Begin PBXFrameworksBuildPhase section */
		634517F02772DE8A00F330FC /* Frameworks */ = {
			isa = PBXFrameworksBuildPhase;
			buildActionMask = 2147483647;
			files = (
				C76A5A8BD5DD4B0B91EC623C /* libPods-MichiEkiTests.a in Frameworks */,
			);
			runOnlyForDeploymentPostprocessing = 0;
		};
		63F600FD276F53A90050D125 /* Frameworks */ = {
			isa = PBXFrameworksBuildPhase;
			buildActionMask = 2147483647;
			files = (
				76C003ED72EB2C541AA25A03 /* Pods_MichiEki.framework in Frameworks */,
			);
			runOnlyForDeploymentPostprocessing = 0;
		};
/* End PBXFrameworksBuildPhase section */

/* Begin PBXGroup section */
		634517F42772DE8A00F330FC /* MichiEkiTests */ = {
			isa = PBXGroup;
			children = (
				634517F52772DE8A00F330FC /* MichiEkiTests.swift */,
				634517F72772DE8A00F330FC /* Info.plist */,
			);
			path = MichiEkiTests;
			sourceTree = "<group>";
		};
		634517FF2772EE5200F330FC /* Delegate */ = {
			isa = PBXGroup;
			children = (
				63F60103276F53A90050D125 /* AppDelegate.swift */,
				63F60105276F53A90050D125 /* SceneDelegate.swift */,
			);
			path = Delegate;
			sourceTree = "<group>";
		};
		634518002772EE7300F330FC /* Model */ = {
			isa = PBXGroup;
			children = (
				63F60119276F59A60050D125 /* Eki.swift */,
				633E03F2276F760C00254D45 /* Location.swift */,
				633E03F4276F7DD100254D45 /* DummyData.swift */,
			);
			path = Model;
			sourceTree = "<group>";
		};
		634518012772EEC400F330FC /* View */ = {
			isa = PBXGroup;
			children = (
				63F60107276F53A90050D125 /* ViewController.swift */,
			);
			path = View;
			sourceTree = "<group>";
		};
		634518022772EECD00F330FC /* ViewModel */ = {
			isa = PBXGroup;
			children = (
				634518072772EF7800F330FC /* MapViewModel.swift */,
			);
			path = ViewModel;
			sourceTree = "<group>";
		};
		634518032772EEDC00F330FC /* Storyboard */ = {
			isa = PBXGroup;
			children = (
				63F6010E276F53AC0050D125 /* LaunchScreen.storyboard */,
				63F60109276F53A90050D125 /* Main.storyboard */,
			);
			path = Storyboard;
			sourceTree = "<group>";
		};
		634518042772EEF900F330FC /* Service */ = {
			isa = PBXGroup;
			children = (
				63F60117276F57D00050D125 /* ApiController.swift */,
				633E03EE276F74A700254D45 /* SearchController.swift */,
			);
			path = Service;
			sourceTree = "<group>";
		};
		634518052772EF1600F330FC /* Extension */ = {
			isa = PBXGroup;
			children = (
				634517FD2772E38A00F330FC /* CLLocationManager+Rx.swift */,
			);
			path = Extension;
			sourceTree = "<group>";
		};
		634518062772EF3600F330FC /* Protocol */ = {
			isa = PBXGroup;
			children = (
				633E03F0276F758F00254D45 /* SearchService.swift */,
			);
			path = Protocol;
			sourceTree = "<group>";
		};
		63F600F7276F53A90050D125 = {
			isa = PBXGroup;
			children = (
				63F60102276F53A90050D125 /* MichiEki */,
				634517F42772DE8A00F330FC /* MichiEkiTests */,
				63F60101276F53A90050D125 /* Products */,
				DDBD07486800669F9121207E /* Pods */,
				6E349F5B030C6C54423BF981 /* Frameworks */,
			);
			sourceTree = "<group>";
		};
		63F60101276F53A90050D125 /* Products */ = {
			isa = PBXGroup;
			children = (
				63F60100276F53A90050D125 /* MichiEki.app */,
				634517F32772DE8A00F330FC /* MichiEkiTests.xctest */,
			);
			name = Products;
			sourceTree = "<group>";
		};
		63F60102276F53A90050D125 /* MichiEki */ = {
			isa = PBXGroup;
			children = (
				634517FF2772EE5200F330FC /* Delegate */,
				634518002772EE7300F330FC /* Model */,
				634518012772EEC400F330FC /* View */,
				634518032772EEDC00F330FC /* Storyboard */,
				634518022772EECD00F330FC /* ViewModel */,
				634518042772EEF900F330FC /* Service */,
				634518062772EF3600F330FC /* Protocol */,
				634518052772EF1600F330FC /* Extension */,
				63F6010C276F53AC0050D125 /* Assets.xcassets */,
				63F60111276F53AC0050D125 /* Info.plist */,
			);
			path = MichiEki;
			sourceTree = "<group>";
		};
		6E349F5B030C6C54423BF981 /* Frameworks */ = {
			isa = PBXGroup;
			children = (
				C4EC5413FE46DEB327FC34BA /* Pods_MichiEki.framework */,
				329A8E8EF74DFCB4986F9314 /* libPods-MichiEkiTests.a */,
			);
			name = Frameworks;
			sourceTree = "<group>";
		};
		DDBD07486800669F9121207E /* Pods */ = {
			isa = PBXGroup;
			children = (
				340BCA57A35B48EAD3313DBC /* Pods-MichiEki.debug.xcconfig */,
				51F55E010DE5CBF63C7E4C28 /* Pods-MichiEki.release.xcconfig */,
				1BDEF5DEEBC59D70B2A69112 /* Pods-MichiEkiTests.debug.xcconfig */,
				B3DA1A92AE610F533064C89E /* Pods-MichiEkiTests.release.xcconfig */,
			);
			path = Pods;
			sourceTree = "<group>";
		};
/* End PBXGroup section */

/* Begin PBXNativeTarget section */
		634517F22772DE8A00F330FC /* MichiEkiTests */ = {
			isa = PBXNativeTarget;
			buildConfigurationList = 634517FC2772DE8A00F330FC /* Build configuration list for PBXNativeTarget "MichiEkiTests" */;
			buildPhases = (
				2A7C44E8B63251B40F702C62 /* [CP] Check Pods Manifest.lock */,
				634517EF2772DE8A00F330FC /* Sources */,
				634517F02772DE8A00F330FC /* Frameworks */,
				634517F12772DE8A00F330FC /* Resources */,
			);
			buildRules = (
			);
			dependencies = (
				634517F92772DE8A00F330FC /* PBXTargetDependency */,
			);
			name = MichiEkiTests;
			productName = MichiEkiTests;
			productReference = 634517F32772DE8A00F330FC /* MichiEkiTests.xctest */;
			productType = "com.apple.product-type.bundle.unit-test";
		};
		63F600FF276F53A90050D125 /* MichiEki */ = {
			isa = PBXNativeTarget;
			buildConfigurationList = 63F60114276F53AC0050D125 /* Build configuration list for PBXNativeTarget "MichiEki" */;
			buildPhases = (
				AB9AAB1F3C5C13B4AC287C78 /* [CP] Check Pods Manifest.lock */,
				63F600FC276F53A90050D125 /* Sources */,
				63F600FD276F53A90050D125 /* Frameworks */,
				63F600FE276F53A90050D125 /* Resources */,
				7A256318DAE0D711927416BD /* [CP] Embed Pods Frameworks */,
			);
			buildRules = (
			);
			dependencies = (
			);
			name = MichiEki;
			productName = MichiEki;
			productReference = 63F60100276F53A90050D125 /* MichiEki.app */;
			productType = "com.apple.product-type.application";
		};
/* End PBXNativeTarget section */

/* Begin PBXProject section */
		63F600F8276F53A90050D125 /* Project object */ = {
			isa = PBXProject;
			attributes = {
				LastSwiftUpdateCheck = 1250;
				LastUpgradeCheck = 1250;
				TargetAttributes = {
					634517F22772DE8A00F330FC = {
						CreatedOnToolsVersion = 12.5.1;
						TestTargetID = 63F600FF276F53A90050D125;
					};
					63F600FF276F53A90050D125 = {
						CreatedOnToolsVersion = 12.5.1;
					};
				};
			};
			buildConfigurationList = 63F600FB276F53A90050D125 /* Build configuration list for PBXProject "MichiEki" */;
			compatibilityVersion = "Xcode 9.3";
			developmentRegion = en;
			hasScannedForEncodings = 0;
			knownRegions = (
				en,
				Base,
			);
			mainGroup = 63F600F7276F53A90050D125;
			productRefGroup = 63F60101276F53A90050D125 /* Products */;
			projectDirPath = "";
			projectRoot = "";
			targets = (
				63F600FF276F53A90050D125 /* MichiEki */,
				634517F22772DE8A00F330FC /* MichiEkiTests */,
			);
		};
/* End PBXProject section */

/* Begin PBXResourcesBuildPhase section */
		634517F12772DE8A00F330FC /* Resources */ = {
			isa = PBXResourcesBuildPhase;
			buildActionMask = 2147483647;
			files = (
			);
			runOnlyForDeploymentPostprocessing = 0;
		};
		63F600FE276F53A90050D125 /* Resources */ = {
			isa = PBXResourcesBuildPhase;
			buildActionMask = 2147483647;
			files = (
				63F60110276F53AC0050D125 /* LaunchScreen.storyboard in Resources */,
				63F6010D276F53AC0050D125 /* Assets.xcassets in Resources */,
				63F6010B276F53A90050D125 /* Main.storyboard in Resources */,
			);
			runOnlyForDeploymentPostprocessing = 0;
		};
/* End PBXResourcesBuildPhase section */

/* Begin PBXShellScriptBuildPhase section */
		2A7C44E8B63251B40F702C62 /* [CP] Check Pods Manifest.lock */ = {
			isa = PBXShellScriptBuildPhase;
			buildActionMask = 2147483647;
			files = (
			);
			inputFileListPaths = (
			);
			inputPaths = (
				"${PODS_PODFILE_DIR_PATH}/Podfile.lock",
				"${PODS_ROOT}/Manifest.lock",
			);
			name = "[CP] Check Pods Manifest.lock";
			outputFileListPaths = (
			);
			outputPaths = (
				"$(DERIVED_FILE_DIR)/Pods-MichiEkiTests-checkManifestLockResult.txt",
			);
			runOnlyForDeploymentPostprocessing = 0;
			shellPath = /bin/sh;
			shellScript = "diff \"${PODS_PODFILE_DIR_PATH}/Podfile.lock\" \"${PODS_ROOT}/Manifest.lock\" > /dev/null\nif [ $? != 0 ] ; then\n    # print error to STDERR\n    echo \"error: The sandbox is not in sync with the Podfile.lock. Run 'pod install' or update your CocoaPods installation.\" >&2\n    exit 1\nfi\n# This output is used by Xcode 'outputs' to avoid re-running this script phase.\necho \"SUCCESS\" > \"${SCRIPT_OUTPUT_FILE_0}\"\n";
			showEnvVarsInLog = 0;
		};
		7A256318DAE0D711927416BD /* [CP] Embed Pods Frameworks */ = {
			isa = PBXShellScriptBuildPhase;
			buildActionMask = 2147483647;
			files = (
			);
			inputFileListPaths = (
				"${PODS_ROOT}/Target Support Files/Pods-MichiEki/Pods-MichiEki-frameworks-${CONFIGURATION}-input-files.xcfilelist",
			);
			name = "[CP] Embed Pods Frameworks";
			outputFileListPaths = (
				"${PODS_ROOT}/Target Support Files/Pods-MichiEki/Pods-MichiEki-frameworks-${CONFIGURATION}-output-files.xcfilelist",
			);
			runOnlyForDeploymentPostprocessing = 0;
			shellPath = /bin/sh;
			shellScript = "\"${PODS_ROOT}/Target Support Files/Pods-MichiEki/Pods-MichiEki-frameworks.sh\"\n";
			showEnvVarsInLog = 0;
		};
		AB9AAB1F3C5C13B4AC287C78 /* [CP] Check Pods Manifest.lock */ = {
			isa = PBXShellScriptBuildPhase;
			buildActionMask = 2147483647;
			files = (
			);
			inputFileListPaths = (
			);
			inputPaths = (
				"${PODS_PODFILE_DIR_PATH}/Podfile.lock",
				"${PODS_ROOT}/Manifest.lock",
			);
			name = "[CP] Check Pods Manifest.lock";
			outputFileListPaths = (
			);
			outputPaths = (
				"$(DERIVED_FILE_DIR)/Pods-MichiEki-checkManifestLockResult.txt",
			);
			runOnlyForDeploymentPostprocessing = 0;
			shellPath = /bin/sh;
			shellScript = "diff \"${PODS_PODFILE_DIR_PATH}/Podfile.lock\" \"${PODS_ROOT}/Manifest.lock\" > /dev/null\nif [ $? != 0 ] ; then\n    # print error to STDERR\n    echo \"error: The sandbox is not in sync with the Podfile.lock. Run 'pod install' or update your CocoaPods installation.\" >&2\n    exit 1\nfi\n# This output is used by Xcode 'outputs' to avoid re-running this script phase.\necho \"SUCCESS\" > \"${SCRIPT_OUTPUT_FILE_0}\"\n";
			showEnvVarsInLog = 0;
		};
/* End PBXShellScriptBuildPhase section */

/* Begin PBXSourcesBuildPhase section */
		634517EF2772DE8A00F330FC /* Sources */ = {
			isa = PBXSourcesBuildPhase;
			buildActionMask = 2147483647;
			files = (
				634517F62772DE8A00F330FC /* MichiEkiTests.swift in Sources */,
			);
			runOnlyForDeploymentPostprocessing = 0;
		};
		63F600FC276F53A90050D125 /* Sources */ = {
			isa = PBXSourcesBuildPhase;
			buildActionMask = 2147483647;
			files = (
				633E03F1276F758F00254D45 /* SearchService.swift in Sources */,
				63F6011A276F59A60050D125 /* Eki.swift in Sources */,
				633E03F3276F760C00254D45 /* Location.swift in Sources */,
				633E03F5276F7DD100254D45 /* DummyData.swift in Sources */,
				633E03EF276F74A700254D45 /* SearchController.swift in Sources */,
				63F60118276F57D00050D125 /* ApiController.swift in Sources */,
				634518082772EF7800F330FC /* MapViewModel.swift in Sources */,
				63F60108276F53A90050D125 /* ViewController.swift in Sources */,
				634517FE2772E38A00F330FC /* CLLocationManager+Rx.swift in Sources */,
				63F60104276F53A90050D125 /* AppDelegate.swift in Sources */,
				63F60106276F53A90050D125 /* SceneDelegate.swift in Sources */,
			);
			runOnlyForDeploymentPostprocessing = 0;
		};
/* End PBXSourcesBuildPhase section */

/* Begin PBXTargetDependency section */
		634517F92772DE8A00F330FC /* PBXTargetDependency */ = {
			isa = PBXTargetDependency;
			target = 63F600FF276F53A90050D125 /* MichiEki */;
			targetProxy = 634517F82772DE8A00F330FC /* PBXContainerItemProxy */;
		};
/* End PBXTargetDependency section */

/* Begin PBXVariantGroup section */
		63F60109276F53A90050D125 /* Main.storyboard */ = {
			isa = PBXVariantGroup;
			children = (
				63F6010A276F53A90050D125 /* Base */,
			);
			name = Main.storyboard;
			sourceTree = "<group>";
		};
		63F6010E276F53AC0050D125 /* LaunchScreen.storyboard */ = {
			isa = PBXVariantGroup;
			children = (
				63F6010F276F53AC0050D125 /* Base */,
			);
			name = LaunchScreen.storyboard;
			sourceTree = "<group>";
		};
/* End PBXVariantGroup section */

/* Begin XCBuildConfiguration section */
		634517FA2772DE8A00F330FC /* Debug */ = {
			isa = XCBuildConfiguration;
			baseConfigurationReference = 1BDEF5DEEBC59D70B2A69112 /* Pods-MichiEkiTests.debug.xcconfig */;
			buildSettings = {
				BUNDLE_LOADER = "$(TEST_HOST)";
				CODE_SIGN_STYLE = Automatic;
				DEVELOPMENT_TEAM = Q8TDW5YY5Q;
				INFOPLIST_FILE = MichiEkiTests/Info.plist;
				LD_RUNPATH_SEARCH_PATHS = (
					"$(inherited)",
					"@executable_path/Frameworks",
					"@loader_path/Frameworks",
				);
				PRODUCT_BUNDLE_IDENTIFIER = jp.medcierge.MichiEkiTests;
				PRODUCT_NAME = "$(TARGET_NAME)";
				SWIFT_VERSION = 5.0;
				TARGETED_DEVICE_FAMILY = "1,2";
				TEST_HOST = "$(BUILT_PRODUCTS_DIR)/MichiEki.app/MichiEki";
			};
			name = Debug;
		};
		634517FB2772DE8A00F330FC /* Release */ = {
			isa = XCBuildConfiguration;
			baseConfigurationReference = B3DA1A92AE610F533064C89E /* Pods-MichiEkiTests.release.xcconfig */;
			buildSettings = {
				BUNDLE_LOADER = "$(TEST_HOST)";
				CODE_SIGN_STYLE = Automatic;
				DEVELOPMENT_TEAM = Q8TDW5YY5Q;
				INFOPLIST_FILE = MichiEkiTests/Info.plist;
				LD_RUNPATH_SEARCH_PATHS = (
					"$(inherited)",
					"@executable_path/Frameworks",
					"@loader_path/Frameworks",
				);
				PRODUCT_BUNDLE_IDENTIFIER = jp.medcierge.MichiEkiTests;
				PRODUCT_NAME = "$(TARGET_NAME)";
				SWIFT_VERSION = 5.0;
				TARGETED_DEVICE_FAMILY = "1,2";
				TEST_HOST = "$(BUILT_PRODUCTS_DIR)/MichiEki.app/MichiEki";
			};
			name = Release;
		};
		63F60112276F53AC0050D125 /* Debug */ = {
			isa = XCBuildConfiguration;
			buildSettings = {
				ALWAYS_SEARCH_USER_PATHS = NO;
				CLANG_ANALYZER_NONNULL = YES;
				CLANG_ANALYZER_NUMBER_OBJECT_CONVERSION = YES_AGGRESSIVE;
				CLANG_CXX_LANGUAGE_STANDARD = "gnu++14";
				CLANG_CXX_LIBRARY = "libc++";
				CLANG_ENABLE_MODULES = YES;
				CLANG_ENABLE_OBJC_ARC = YES;
				CLANG_ENABLE_OBJC_WEAK = YES;
				CLANG_WARN_BLOCK_CAPTURE_AUTORELEASING = YES;
				CLANG_WARN_BOOL_CONVERSION = YES;
				CLANG_WARN_COMMA = YES;
				CLANG_WARN_CONSTANT_CONVERSION = YES;
				CLANG_WARN_DEPRECATED_OBJC_IMPLEMENTATIONS = YES;
				CLANG_WARN_DIRECT_OBJC_ISA_USAGE = YES_ERROR;
				CLANG_WARN_DOCUMENTATION_COMMENTS = YES;
				CLANG_WARN_EMPTY_BODY = YES;
				CLANG_WARN_ENUM_CONVERSION = YES;
				CLANG_WARN_INFINITE_RECURSION = YES;
				CLANG_WARN_INT_CONVERSION = YES;
				CLANG_WARN_NON_LITERAL_NULL_CONVERSION = YES;
				CLANG_WARN_OBJC_IMPLICIT_RETAIN_SELF = YES;
				CLANG_WARN_OBJC_LITERAL_CONVERSION = YES;
				CLANG_WARN_OBJC_ROOT_CLASS = YES_ERROR;
				CLANG_WARN_QUOTED_INCLUDE_IN_FRAMEWORK_HEADER = YES;
				CLANG_WARN_RANGE_LOOP_ANALYSIS = YES;
				CLANG_WARN_STRICT_PROTOTYPES = YES;
				CLANG_WARN_SUSPICIOUS_MOVE = YES;
				CLANG_WARN_UNGUARDED_AVAILABILITY = YES_AGGRESSIVE;
				CLANG_WARN_UNREACHABLE_CODE = YES;
				CLANG_WARN__DUPLICATE_METHOD_MATCH = YES;
				COPY_PHASE_STRIP = NO;
				DEBUG_INFORMATION_FORMAT = dwarf;
				ENABLE_STRICT_OBJC_MSGSEND = YES;
				ENABLE_TESTABILITY = YES;
				GCC_C_LANGUAGE_STANDARD = gnu11;
				GCC_DYNAMIC_NO_PIC = NO;
				GCC_NO_COMMON_BLOCKS = YES;
				GCC_OPTIMIZATION_LEVEL = 0;
				GCC_PREPROCESSOR_DEFINITIONS = (
					"DEBUG=1",
					"$(inherited)",
				);
				GCC_WARN_64_TO_32_BIT_CONVERSION = YES;
				GCC_WARN_ABOUT_RETURN_TYPE = YES_ERROR;
				GCC_WARN_UNDECLARED_SELECTOR = YES;
				GCC_WARN_UNINITIALIZED_AUTOS = YES_AGGRESSIVE;
				GCC_WARN_UNUSED_FUNCTION = YES;
				GCC_WARN_UNUSED_VARIABLE = YES;
				IPHONEOS_DEPLOYMENT_TARGET = 14.5;
				MTL_ENABLE_DEBUG_INFO = INCLUDE_SOURCE;
				MTL_FAST_MATH = YES;
				ONLY_ACTIVE_ARCH = YES;
				SDKROOT = iphoneos;
				SWIFT_ACTIVE_COMPILATION_CONDITIONS = DEBUG;
				SWIFT_OPTIMIZATION_LEVEL = "-Onone";
			};
			name = Debug;
		};
		63F60113276F53AC0050D125 /* Release */ = {
			isa = XCBuildConfiguration;
			buildSettings = {
				ALWAYS_SEARCH_USER_PATHS = NO;
				CLANG_ANALYZER_NONNULL = YES;
				CLANG_ANALYZER_NUMBER_OBJECT_CONVERSION = YES_AGGRESSIVE;
				CLANG_CXX_LANGUAGE_STANDARD = "gnu++14";
				CLANG_CXX_LIBRARY = "libc++";
				CLANG_ENABLE_MODULES = YES;
				CLANG_ENABLE_OBJC_ARC = YES;
				CLANG_ENABLE_OBJC_WEAK = YES;
				CLANG_WARN_BLOCK_CAPTURE_AUTORELEASING = YES;
				CLANG_WARN_BOOL_CONVERSION = YES;
				CLANG_WARN_COMMA = YES;
				CLANG_WARN_CONSTANT_CONVERSION = YES;
				CLANG_WARN_DEPRECATED_OBJC_IMPLEMENTATIONS = YES;
				CLANG_WARN_DIRECT_OBJC_ISA_USAGE = YES_ERROR;
				CLANG_WARN_DOCUMENTATION_COMMENTS = YES;
				CLANG_WARN_EMPTY_BODY = YES;
				CLANG_WARN_ENUM_CONVERSION = YES;
				CLANG_WARN_INFINITE_RECURSION = YES;
				CLANG_WARN_INT_CONVERSION = YES;
				CLANG_WARN_NON_LITERAL_NULL_CONVERSION = YES;
				CLANG_WARN_OBJC_IMPLICIT_RETAIN_SELF = YES;
				CLANG_WARN_OBJC_LITERAL_CONVERSION = YES;
				CLANG_WARN_OBJC_ROOT_CLASS = YES_ERROR;
				CLANG_WARN_QUOTED_INCLUDE_IN_FRAMEWORK_HEADER = YES;
				CLANG_WARN_RANGE_LOOP_ANALYSIS = YES;
				CLANG_WARN_STRICT_PROTOTYPES = YES;
				CLANG_WARN_SUSPICIOUS_MOVE = YES;
				CLANG_WARN_UNGUARDED_AVAILABILITY = YES_AGGRESSIVE;
				CLANG_WARN_UNREACHABLE_CODE = YES;
				CLANG_WARN__DUPLICATE_METHOD_MATCH = YES;
				COPY_PHASE_STRIP = NO;
				DEBUG_INFORMATION_FORMAT = "dwarf-with-dsym";
				ENABLE_NS_ASSERTIONS = NO;
				ENABLE_STRICT_OBJC_MSGSEND = YES;
				GCC_C_LANGUAGE_STANDARD = gnu11;
				GCC_NO_COMMON_BLOCKS = YES;
				GCC_WARN_64_TO_32_BIT_CONVERSION = YES;
				GCC_WARN_ABOUT_RETURN_TYPE = YES_ERROR;
				GCC_WARN_UNDECLARED_SELECTOR = YES;
				GCC_WARN_UNINITIALIZED_AUTOS = YES_AGGRESSIVE;
				GCC_WARN_UNUSED_FUNCTION = YES;
				GCC_WARN_UNUSED_VARIABLE = YES;
				IPHONEOS_DEPLOYMENT_TARGET = 14.5;
				MTL_ENABLE_DEBUG_INFO = NO;
				MTL_FAST_MATH = YES;
				SDKROOT = iphoneos;
				SWIFT_COMPILATION_MODE = wholemodule;
				SWIFT_OPTIMIZATION_LEVEL = "-O";
				VALIDATE_PRODUCT = YES;
			};
			name = Release;
		};
		63F60115276F53AC0050D125 /* Debug */ = {
			isa = XCBuildConfiguration;
			baseConfigurationReference = 340BCA57A35B48EAD3313DBC /* Pods-MichiEki.debug.xcconfig */;
			buildSettings = {
				ASSETCATALOG_COMPILER_APPICON_NAME = AppIcon;
				ASSETCATALOG_COMPILER_GLOBAL_ACCENT_COLOR_NAME = AccentColor;
				CODE_SIGN_STYLE = Automatic;
				DEVELOPMENT_TEAM = Q8TDW5YY5Q;
				INFOPLIST_FILE = MichiEki/Info.plist;
				LD_RUNPATH_SEARCH_PATHS = (
					"$(inherited)",
					"@executable_path/Frameworks",
				);
				PRODUCT_BUNDLE_IDENTIFIER = jp.medcierge.MichiEki;
				PRODUCT_NAME = "$(TARGET_NAME)";
				SWIFT_VERSION = 5.0;
				TARGETED_DEVICE_FAMILY = "1,2";
			};
			name = Debug;
		};
		63F60116276F53AC0050D125 /* Release */ = {
			isa = XCBuildConfiguration;
			baseConfigurationReference = 51F55E010DE5CBF63C7E4C28 /* Pods-MichiEki.release.xcconfig */;
			buildSettings = {
				ASSETCATALOG_COMPILER_APPICON_NAME = AppIcon;
				ASSETCATALOG_COMPILER_GLOBAL_ACCENT_COLOR_NAME = AccentColor;
				CODE_SIGN_STYLE = Automatic;
				DEVELOPMENT_TEAM = Q8TDW5YY5Q;
				INFOPLIST_FILE = MichiEki/Info.plist;
				LD_RUNPATH_SEARCH_PATHS = (
					"$(inherited)",
					"@executable_path/Frameworks",
				);
				PRODUCT_BUNDLE_IDENTIFIER = jp.medcierge.MichiEki;
				PRODUCT_NAME = "$(TARGET_NAME)";
				SWIFT_VERSION = 5.0;
				TARGETED_DEVICE_FAMILY = "1,2";
			};
			name = Release;
		};
/* End XCBuildConfiguration section */

/* Begin XCConfigurationList section */
		634517FC2772DE8A00F330FC /* Build configuration list for PBXNativeTarget "MichiEkiTests" */ = {
			isa = XCConfigurationList;
			buildConfigurations = (
				634517FA2772DE8A00F330FC /* Debug */,
				634517FB2772DE8A00F330FC /* Release */,
			);
			defaultConfigurationIsVisible = 0;
			defaultConfigurationName = Release;
		};
		63F600FB276F53A90050D125 /* Build configuration list for PBXProject "MichiEki" */ = {
			isa = XCConfigurationList;
			buildConfigurations = (
				63F60112276F53AC0050D125 /* Debug */,
				63F60113276F53AC0050D125 /* Release */,
			);
			defaultConfigurationIsVisible = 0;
			defaultConfigurationName = Release;
		};
		63F60114276F53AC0050D125 /* Build configuration list for PBXNativeTarget "MichiEki" */ = {
			isa = XCConfigurationList;
			buildConfigurations = (
				63F60115276F53AC0050D125 /* Debug */,
				63F60116276F53AC0050D125 /* Release */,
			);
			defaultConfigurationIsVisible = 0;
			defaultConfigurationName = Release;
		};
/* End XCConfigurationList section */
	};
	rootObject = 63F600F8276F53A90050D125 /* Project object */;
}
